
Microsoft Visual Studio Solution File, Format Version 12.00
# Visual Studio 15
VisualStudioVersion = 15.0.27130.2010
MinimumVisualStudioVersion = 10.0.40219.1
Project("{FAE04EC0-301F-11D3-BF4B-00C04F79EFBC}") = "TestNinja", "TestNinja\TestNinja.csproj", "{7328740E-4B78-464F-8352-65D887F2145F}"
EndProject
Project("{FAE04EC0-301F-11D3-BF4B-00C04F79EFBC}") = "TestNinja.UnitTests", "TestNinja.UnitTests\TestNinja.UnitTests.csproj", "{0F45D205-9AEF-43DA-BD89-035F4A776415}"
EndProject
Global
	GlobalSection(SolutionConfigurationPlatforms) = preSolution
		Debug|Any CPU = Debug|Any CPU
		Release|Any CPU = Release|Any CPU
	EndGlobalSection
	GlobalSection(ProjectConfigurationPlatforms) = postSolution
		{7328740E-4B78-464F-8352-65D887F2145F}.Debug|Any CPU.ActiveCfg = Debug|Any CPU
		{7328740E-4B78-464F-8352-65D887F2145F}.Debug|Any CPU.Build.0 = Debug|Any CPU
		{7328740E-4B78-464F-8352-65D887F2145F}.Release|Any CPU.ActiveCfg = Release|Any CPU
		{7328740E-4B78-464F-8352-65D887F2145F}.Release|Any CPU.Build.0 = Release|Any CPU
		{0F45D205-9AEF-43DA-BD89-035F4A776415}.Debug|Any CPU.ActiveCfg = Debug|Any CPU
		{0F45D205-9AEF-43DA-BD89-035F4A776415}.Debug|Any CPU.Build.0 = Debug|Any CPU
		{0F45D205-9AEF-43DA-BD89-035F4A776415}.Release|Any CPU.ActiveCfg = Release|Any CPU
		{0F45D205-9AEF-43DA-BD89-035F4A776415}.Release|Any CPU.Build.0 = Release|Any CPU
	EndGlobalSection
	GlobalSection(SolutionProperties) = preSolution
		HideSolutionNode = FALSE
	EndGlobalSection
	GlobalSection(ExtensibilityGlobals) = postSolution
		SolutionGuid = {8F034209-2045-4CA4-9EB7-918FEC3B73AD}
	EndGlobalSection
EndGlobal
